
Microsoft Visual Studio Solution File, Format Version 12.00
# Visual Studio Version 17
VisualStudioVersion = 17.10.35201.131
MinimumVisualStudioVersion = 10.0.40219.1
Project("{FAE04EC0-301F-11D3-BF4B-00C04F79EFBC}") = "WeatherApi", "WeatherApi\WeatherApi.csproj", "{417D4206-F67D-45DA-9C4E-763B9BA4230B}"
EndProject
Global
	GlobalSection(SolutionConfigurationPlatforms) = preSolution
		Debug|Any CPU = Debug|Any CPU
		Release|Any CPU = Release|Any CPU
	EndGlobalSection
	GlobalSection(ProjectConfigurationPlatforms) = postSolution
		{417D4206-F67D-45DA-9C4E-763B9BA4230B}.Debug|Any CPU.ActiveCfg = Debug|Any CPU
		{417D4206-F67D-45DA-9C4E-763B9BA4230B}.Debug|Any CPU.Build.0 = Debug|Any CPU
		{417D4206-F67D-45DA-9C4E-763B9BA4230B}.Release|Any CPU.ActiveCfg = Release|Any CPU
		{417D4206-F67D-45DA-9C4E-763B9BA4230B}.Release|Any CPU.Build.0 = Release|Any CPU
	EndGlobalSection
	GlobalSection(SolutionProperties) = preSolution
		HideSolutionNode = FALSE
	EndGlobalSection
	GlobalSection(ExtensibilityGlobals) = postSolution
		SolutionGuid = {99083AE5-6720-400F-9ADB-33F6A3B56023}
	EndGlobalSection
EndGlobal
